
Microsoft Visual Studio Solution File, Format Version 12.00
# Visual Studio Version 17
VisualStudioVersion = 17.1.32210.238
MinimumVisualStudioVersion = 10.0.40219.1
Project("{FAE04EC0-301F-11D3-BF4B-00C04F79EFBC}") = "wuhaotian1004ERSWindowsFormsApp", "wuhaotian1004ERSWindowsFormsApp\wuhaotian1004ERSWindowsFormsApp.csproj", "{5B386667-5F71-4A07-B8E0-9A409C3D33D7}"
EndProject
Global
	GlobalSection(SolutionConfigurationPlatforms) = preSolution
		Debug|Any CPU = Debug|Any CPU
		Release|Any CPU = Release|Any CPU
	EndGlobalSection
	GlobalSection(ProjectConfigurationPlatforms) = postSolution
		{5B386667-5F71-4A07-B8E0-9A409C3D33D7}.Debug|Any CPU.ActiveCfg = Debug|Any CPU
		{5B386667-5F71-4A07-B8E0-9A409C3D33D7}.Debug|Any CPU.Build.0 = Debug|Any CPU
		{5B386667-5F71-4A07-B8E0-9A409C3D33D7}.Release|Any CPU.ActiveCfg = Release|Any CPU
		{5B386667-5F71-4A07-B8E0-9A409C3D33D7}.Release|Any CPU.Build.0 = Release|Any CPU
	EndGlobalSection
	GlobalSection(SolutionProperties) = preSolution
		HideSolutionNode = FALSE
	EndGlobalSection
	GlobalSection(ExtensibilityGlobals) = postSolution
		SolutionGuid = {59602C4A-0539-417A-A2FA-EE6572055AAC}
	EndGlobalSection
EndGlobal
